// !$*UTF8*$!
{
	archiveVersion = 1;
	classes = {
	};
	objectVersion = 48;
	objects = {

/* Begin PBXBuildFile section */
		BD50C6DAAA85F769DAE034F4 /* libPods-SpeedTestTests.a in Frameworks */ = {isa = PBXBuildFile; fileRef = 14038D78333AD8DB96AADFC4 /* libPods-SpeedTestTests.a */; };
		D55029083D42199C457A91CA /* libPods-SpeedTest.a in Frameworks */ = {isa = PBXBuildFile; fileRef = BE194744374696F8B0CB4050 /* libPods-SpeedTest.a */; };
		DACB0ECEA0967A7CA93B7AB5 /* libPods-SpeedTestUITests.a in Frameworks */ = {isa = PBXBuildFile; fileRef = E553874F2FFF7EFD896E9157 /* libPods-SpeedTestUITests.a */; };
		E25B30F8203E97320031FEB7 /* SPTestModel.m in Sources */ = {isa = PBXBuildFile; fileRef = E25B30F7203E97320031FEB7 /* SPTestModel.m */; };
		E25B30FB203E9E160031FEB7 /* SPTestInfoModel.m in Sources */ = {isa = PBXBuildFile; fileRef = E25B30FA203E9E160031FEB7 /* SPTestInfoModel.m */; };
		E25B3100203EA50F0031FEB7 /* SPSpeedTestHistoryViewConroller.m in Sources */ = {isa = PBXBuildFile; fileRef = E25B30FF203EA50F0031FEB7 /* SPSpeedTestHistoryViewConroller.m */; };
		E25B3108203EA67B0031FEB7 /* SPCoreDataManager+Operations.m in Sources */ = {isa = PBXBuildFile; fileRef = E25B3102203EA67B0031FEB7 /* SPCoreDataManager+Operations.m */; };
		E25B3109203EA67B0031FEB7 /* SPCoreDataManager.m in Sources */ = {isa = PBXBuildFile; fileRef = E25B3106203EA67B0031FEB7 /* SPCoreDataManager.m */; };
		E25B310C203EA81E0031FEB7 /* SpeedTestDataModel.xcdatamodeld in Sources */ = {isa = PBXBuildFile; fileRef = E25B310A203EA81E0031FEB7 /* SpeedTestDataModel.xcdatamodeld */; };
		E25B3116203EA8AF0031FEB7 /* SPSpeedTest+CoreDataClass.m in Sources */ = {isa = PBXBuildFile; fileRef = E25B3113203EA8AF0031FEB7 /* SPSpeedTest+CoreDataClass.m */; };
		E25B3117203EA8AF0031FEB7 /* SPSpeedTest+CoreDataProperties.m in Sources */ = {isa = PBXBuildFile; fileRef = E25B3115203EA8AF0031FEB7 /* SPSpeedTest+CoreDataProperties.m */; };
		E25B311F203EAD480031FEB7 /* SPCoreDataManager+Tests.m in Sources */ = {isa = PBXBuildFile; fileRef = E25B311E203EAD480031FEB7 /* SPCoreDataManager+Tests.m */; };
		E25B3122203EB0170031FEB7 /* SPMantleHelper.m in Sources */ = {isa = PBXBuildFile; fileRef = E25B3120203EB0170031FEB7 /* SPMantleHelper.m */; };
		E25B3125203EB7550031FEB7 /* SPSpeedTestHistoryDataController.m in Sources */ = {isa = PBXBuildFile; fileRef = E25B3124203EB7550031FEB7 /* SPSpeedTestHistoryDataController.m */; };
		E25B312E203EBE450031FEB7 /* SPSpeedTestHistoryTableViewDataSourse.m in Sources */ = {isa = PBXBuildFile; fileRef = E25B312D203EBE450031FEB7 /* SPSpeedTestHistoryTableViewDataSourse.m */; };
		E25B3131203ECF860031FEB7 /* SPSpeedTestHistoryTableViewCell.m in Sources */ = {isa = PBXBuildFile; fileRef = E25B3130203ECF860031FEB7 /* SPSpeedTestHistoryTableViewCell.m */; };
		E25B313620403C040031FEB7 /* SPSpeedLatencyTest.m in Sources */ = {isa = PBXBuildFile; fileRef = E25B313520403C040031FEB7 /* SPSpeedLatencyTest.m */; };
		E25B3141204439D70031FEB7 /* SPSpeedThroughputTest.m in Sources */ = {isa = PBXBuildFile; fileRef = E25B3140204439D70031FEB7 /* SPSpeedThroughputTest.m */; };
		E2D5A49B203AAB7300F75B02 /* AppDelegate.m in Sources */ = {isa = PBXBuildFile; fileRef = E2D5A49A203AAB7300F75B02 /* AppDelegate.m */; };
		E2D5A49E203AAB7300F75B02 /* ViewController.m in Sources */ = {isa = PBXBuildFile; fileRef = E2D5A49D203AAB7300F75B02 /* ViewController.m */; };
		E2D5A4A1203AAB7300F75B02 /* Main.storyboard in Resources */ = {isa = PBXBuildFile; fileRef = E2D5A49F203AAB7300F75B02 /* Main.storyboard */; };
		E2D5A4A3203AAB7300F75B02 /* Assets.xcassets in Resources */ = {isa = PBXBuildFile; fileRef = E2D5A4A2203AAB7300F75B02 /* Assets.xcassets */; };
		E2D5A4A6203AAB7300F75B02 /* LaunchScreen.storyboard in Resources */ = {isa = PBXBuildFile; fileRef = E2D5A4A4203AAB7300F75B02 /* LaunchScreen.storyboard */; };
		E2D5A4A9203AAB7300F75B02 /* main.m in Sources */ = {isa = PBXBuildFile; fileRef = E2D5A4A8203AAB7300F75B02 /* main.m */; };
		E2D5A4B3203AAB7400F75B02 /* SpeedTestTests.m in Sources */ = {isa = PBXBuildFile; fileRef = E2D5A4B2203AAB7400F75B02 /* SpeedTestTests.m */; };
		E2D5A4BE203AAB7400F75B02 /* SpeedTestUITests.m in Sources */ = {isa = PBXBuildFile; fileRef = E2D5A4BD203AAB7400F75B02 /* SpeedTestUITests.m */; };
		E2D5A4CE203AAE5800F75B02 /* SPInjectorContainer.m in Sources */ = {isa = PBXBuildFile; fileRef = E2D5A4CD203AAE5800F75B02 /* SPInjectorContainer.m */; };
		E2D5A4D5203AAFDD00F75B02 /* SPUIManager.m in Sources */ = {isa = PBXBuildFile; fileRef = E2D5A4D4203AAFDD00F75B02 /* SPUIManager.m */; };
		E2D5A4DA203AB16200F75B02 /* SPSpeedViewController.m in Sources */ = {isa = PBXBuildFile; fileRef = E2D5A4D9203AB16200F75B02 /* SPSpeedViewController.m */; };
		E2D5A4DE203AB18600F75B02 /* SPSettingsViewController.m in Sources */ = {isa = PBXBuildFile; fileRef = E2D5A4DD203AB18600F75B02 /* SPSettingsViewController.m */; };
		E2D5A4E5203AC99900F75B02 /* SPTransferManager.m in Sources */ = {isa = PBXBuildFile; fileRef = E2D5A4E4203AC99900F75B02 /* SPTransferManager.m */; };
		E2D5A4E8203AD07B00F75B02 /* SPTransferManagerDownloadTask.m in Sources */ = {isa = PBXBuildFile; fileRef = E2D5A4E7203AD07B00F75B02 /* SPTransferManagerDownloadTask.m */; };
		E2D5A4F1203B1A4C00F75B02 /* SPSpeedTestManager.m in Sources */ = {isa = PBXBuildFile; fileRef = E2D5A4F0203B1A4C00F75B02 /* SPSpeedTestManager.m */; };
		E9132B0D203EC86500B42520 /* SPFTPTransferManager.m in Sources */ = {isa = PBXBuildFile; fileRef = E9132B0C203EC86500B42520 /* SPFTPTransferManager.m */; };
		E9132B0E203EC86500B42520 /* SPFTPTransferManager.m in Sources */ = {isa = PBXBuildFile; fileRef = E9132B0C203EC86500B42520 /* SPFTPTransferManager.m */; };
		E9132B0F203EC86500B42520 /* SPFTPTransferManager.m in Sources */ = {isa = PBXBuildFile; fileRef = E9132B0C203EC86500B42520 /* SPFTPTransferManager.m */; };
		E952D3A6203EC3520000E725 /* SPFTPThroughputTest.m in Sources */ = {isa = PBXBuildFile; fileRef = E952D3A5203EC3520000E725 /* SPFTPThroughputTest.m */; };
		E952D3A7203EC3520000E725 /* SPFTPThroughputTest.m in Sources */ = {isa = PBXBuildFile; fileRef = E952D3A5203EC3520000E725 /* SPFTPThroughputTest.m */; };
		E952D3A8203EC3520000E725 /* SPFTPThroughputTest.m in Sources */ = {isa = PBXBuildFile; fileRef = E952D3A5203EC3520000E725 /* SPFTPThroughputTest.m */; };
		E973A1C4203D91000048ABB3 /* SPDataGenerator.m in Sources */ = {isa = PBXBuildFile; fileRef = E973A1C3203D91000048ABB3 /* SPDataGenerator.m */; };
		E973A1C5203D91000048ABB3 /* SPDataGenerator.m in Sources */ = {isa = PBXBuildFile; fileRef = E973A1C3203D91000048ABB3 /* SPDataGenerator.m */; };
		E973A1C6203D91000048ABB3 /* SPDataGenerator.m in Sources */ = {isa = PBXBuildFile; fileRef = E973A1C3203D91000048ABB3 /* SPDataGenerator.m */; };
		E973A1CA203D98C60048ABB3 /* SPFTPViewController.m in Sources */ = {isa = PBXBuildFile; fileRef = E973A1C9203D98C50048ABB3 /* SPFTPViewController.m */; };
		E973A1CB203D98C60048ABB3 /* SPFTPViewController.m in Sources */ = {isa = PBXBuildFile; fileRef = E973A1C9203D98C50048ABB3 /* SPFTPViewController.m */; };
		E973A1CC203D98C60048ABB3 /* SPFTPViewController.m in Sources */ = {isa = PBXBuildFile; fileRef = E973A1C9203D98C50048ABB3 /* SPFTPViewController.m */; };
		E973A1D4203DB6C80048ABB3 /* LxFTPRequest.m in Sources */ = {isa = PBXBuildFile; fileRef = E973A1D2203DB6C70048ABB3 /* LxFTPRequest.m */; };
		E973A1D5203DB6C80048ABB3 /* LxFTPRequest.m in Sources */ = {isa = PBXBuildFile; fileRef = E973A1D2203DB6C70048ABB3 /* LxFTPRequest.m */; };
		E973A1D6203DB6C80048ABB3 /* LxFTPRequest.m in Sources */ = {isa = PBXBuildFile; fileRef = E973A1D2203DB6C70048ABB3 /* LxFTPRequest.m */; };
		E9802BF720442D9300F46D2B /* SPFTPViewModel.m in Sources */ = {isa = PBXBuildFile; fileRef = E9802BF620442D9300F46D2B /* SPFTPViewModel.m */; };
		E9802BF820442D9300F46D2B /* SPFTPViewModel.m in Sources */ = {isa = PBXBuildFile; fileRef = E9802BF620442D9300F46D2B /* SPFTPViewModel.m */; };
		E9802BF920442D9300F46D2B /* SPFTPViewModel.m in Sources */ = {isa = PBXBuildFile; fileRef = E9802BF620442D9300F46D2B /* SPFTPViewModel.m */; };
/* End PBXBuildFile section */

/* Begin PBXContainerItemProxy section */
		E2D5A4AF203AAB7400F75B02 /* PBXContainerItemProxy */ = {
			isa = PBXContainerItemProxy;
			containerPortal = E2D5A48E203AAB7300F75B02 /* Project object */;
			proxyType = 1;
			remoteGlobalIDString = E2D5A495203AAB7300F75B02;
			remoteInfo = SpeedTest;
		};
		E2D5A4BA203AAB7400F75B02 /* PBXContainerItemProxy */ = {
			isa = PBXContainerItemProxy;
			containerPortal = E2D5A48E203AAB7300F75B02 /* Project object */;
			proxyType = 1;
			remoteGlobalIDString = E2D5A495203AAB7300F75B02;
			remoteInfo = SpeedTest;
		};
/* End PBXContainerItemProxy section */

/* Begin PBXFileReference section */
		14038D78333AD8DB96AADFC4 /* libPods-SpeedTestTests.a */ = {isa = PBXFileReference; explicitFileType = archive.ar; includeInIndex = 0; path = "libPods-SpeedTestTests.a"; sourceTree = BUILT_PRODUCTS_DIR; };
		3C4B5D69E1E8F9EC9BE96A2A /* Pods-SpeedTest.release.xcconfig */ = {isa = PBXFileReference; includeInIndex = 1; lastKnownFileType = text.xcconfig; name = "Pods-SpeedTest.release.xcconfig"; path = "Pods/Target Support Files/Pods-SpeedTest/Pods-SpeedTest.release.xcconfig"; sourceTree = "<group>"; };
		5E846C9C3F24F66F335324B9 /* Pods-SpeedTestTests.release.xcconfig */ = {isa = PBXFileReference; includeInIndex = 1; lastKnownFileType = text.xcconfig; name = "Pods-SpeedTestTests.release.xcconfig"; path = "Pods/Target Support Files/Pods-SpeedTestTests/Pods-SpeedTestTests.release.xcconfig"; sourceTree = "<group>"; };
		6DE92D97E54EF9603590108B /* Pods-SpeedTestTests.debug.xcconfig */ = {isa = PBXFileReference; includeInIndex = 1; lastKnownFileType = text.xcconfig; name = "Pods-SpeedTestTests.debug.xcconfig"; path = "Pods/Target Support Files/Pods-SpeedTestTests/Pods-SpeedTestTests.debug.xcconfig"; sourceTree = "<group>"; };
		A7452604301F2B67A8752817 /* Pods-SpeedTestUITests.debug.xcconfig */ = {isa = PBXFileReference; includeInIndex = 1; lastKnownFileType = text.xcconfig; name = "Pods-SpeedTestUITests.debug.xcconfig"; path = "Pods/Target Support Files/Pods-SpeedTestUITests/Pods-SpeedTestUITests.debug.xcconfig"; sourceTree = "<group>"; };
		BE194744374696F8B0CB4050 /* libPods-SpeedTest.a */ = {isa = PBXFileReference; explicitFileType = archive.ar; includeInIndex = 0; path = "libPods-SpeedTest.a"; sourceTree = BUILT_PRODUCTS_DIR; };
		CF97755790D6816E6C0E0A52 /* Pods-SpeedTest.debug.xcconfig */ = {isa = PBXFileReference; includeInIndex = 1; lastKnownFileType = text.xcconfig; name = "Pods-SpeedTest.debug.xcconfig"; path = "Pods/Target Support Files/Pods-SpeedTest/Pods-SpeedTest.debug.xcconfig"; sourceTree = "<group>"; };
		D0F3DE0778B5005AAA22EFAB /* Pods-SpeedTestUITests.release.xcconfig */ = {isa = PBXFileReference; includeInIndex = 1; lastKnownFileType = text.xcconfig; name = "Pods-SpeedTestUITests.release.xcconfig"; path = "Pods/Target Support Files/Pods-SpeedTestUITests/Pods-SpeedTestUITests.release.xcconfig"; sourceTree = "<group>"; };
		E25B30F6203E97320031FEB7 /* SPTestModel.h */ = {isa = PBXFileReference; lastKnownFileType = sourcecode.c.h; path = SPTestModel.h; sourceTree = "<group>"; };
		E25B30F7203E97320031FEB7 /* SPTestModel.m */ = {isa = PBXFileReference; lastKnownFileType = sourcecode.c.objc; path = SPTestModel.m; sourceTree = "<group>"; };
		E25B30F9203E9E160031FEB7 /* SPTestInfoModel.h */ = {isa = PBXFileReference; lastKnownFileType = sourcecode.c.h; path = SPTestInfoModel.h; sourceTree = "<group>"; };
		E25B30FA203E9E160031FEB7 /* SPTestInfoModel.m */ = {isa = PBXFileReference; lastKnownFileType = sourcecode.c.objc; path = SPTestInfoModel.m; sourceTree = "<group>"; };
		E25B30FC203EA0B80031FEB7 /* PrefixHeader.pch */ = {isa = PBXFileReference; lastKnownFileType = sourcecode.c.h; path = PrefixHeader.pch; sourceTree = "<group>"; };
		E25B30FE203EA50F0031FEB7 /* SPSpeedTestHistoryViewConroller.h */ = {isa = PBXFileReference; lastKnownFileType = sourcecode.c.h; path = SPSpeedTestHistoryViewConroller.h; sourceTree = "<group>"; };
		E25B30FF203EA50F0031FEB7 /* SPSpeedTestHistoryViewConroller.m */ = {isa = PBXFileReference; lastKnownFileType = sourcecode.c.objc; path = SPSpeedTestHistoryViewConroller.m; sourceTree = "<group>"; };
		E25B3102203EA67B0031FEB7 /* SPCoreDataManager+Operations.m */ = {isa = PBXFileReference; fileEncoding = 4; lastKnownFileType = sourcecode.c.objc; name = "SPCoreDataManager+Operations.m"; path = "SpeedTest/SPCoreDataManager+Operations.m"; sourceTree = SOURCE_ROOT; };
		E25B3103203EA67B0031FEB7 /* SPCoreDataManager.h */ = {isa = PBXFileReference; fileEncoding = 4; lastKnownFileType = sourcecode.c.h; name = SPCoreDataManager.h; path = SpeedTest/SPCoreDataManager.h; sourceTree = SOURCE_ROOT; };
		E25B3104203EA67B0031FEB7 /* SPCoreDataOperationsProtocol.h */ = {isa = PBXFileReference; fileEncoding = 4; lastKnownFileType = sourcecode.c.h; name = SPCoreDataOperationsProtocol.h; path = SpeedTest/SPCoreDataOperationsProtocol.h; sourceTree = SOURCE_ROOT; };
		E25B3105203EA67B0031FEB7 /* SPCoreDataManagerProtocol.h */ = {isa = PBXFileReference; fileEncoding = 4; lastKnownFileType = sourcecode.c.h; name = SPCoreDataManagerProtocol.h; path = SpeedTest/SPCoreDataManagerProtocol.h; sourceTree = SOURCE_ROOT; };
		E25B3106203EA67B0031FEB7 /* SPCoreDataManager.m */ = {isa = PBXFileReference; fileEncoding = 4; lastKnownFileType = sourcecode.c.objc; name = SPCoreDataManager.m; path = SpeedTest/SPCoreDataManager.m; sourceTree = SOURCE_ROOT; };
		E25B3107203EA67B0031FEB7 /* SPCoreDataManager+Operations.h */ = {isa = PBXFileReference; fileEncoding = 4; lastKnownFileType = sourcecode.c.h; name = "SPCoreDataManager+Operations.h"; path = "SpeedTest/SPCoreDataManager+Operations.h"; sourceTree = SOURCE_ROOT; };
		E25B310B203EA81E0031FEB7 /* SpeedTestDataModel.xcdatamodel */ = {isa = PBXFileReference; lastKnownFileType = wrapper.xcdatamodel; path = SpeedTestDataModel.xcdatamodel; sourceTree = "<group>"; };
		E25B3112203EA8AF0031FEB7 /* SPSpeedTest+CoreDataClass.h */ = {isa = PBXFileReference; lastKnownFileType = sourcecode.c.h; path = "SPSpeedTest+CoreDataClass.h"; sourceTree = "<group>"; };
		E25B3113203EA8AF0031FEB7 /* SPSpeedTest+CoreDataClass.m */ = {isa = PBXFileReference; lastKnownFileType = sourcecode.c.objc; path = "SPSpeedTest+CoreDataClass.m"; sourceTree = "<group>"; };
		E25B3114203EA8AF0031FEB7 /* SPSpeedTest+CoreDataProperties.h */ = {isa = PBXFileReference; lastKnownFileType = sourcecode.c.h; path = "SPSpeedTest+CoreDataProperties.h"; sourceTree = "<group>"; };
		E25B3115203EA8AF0031FEB7 /* SPSpeedTest+CoreDataProperties.m */ = {isa = PBXFileReference; lastKnownFileType = sourcecode.c.objc; path = "SPSpeedTest+CoreDataProperties.m"; sourceTree = "<group>"; };
		E25B311A203EACD40031FEB7 /* SPCoreDataManagerTestsProtocol.h */ = {isa = PBXFileReference; lastKnownFileType = sourcecode.c.h; path = SPCoreDataManagerTestsProtocol.h; sourceTree = "<group>"; };
		E25B311D203EAD480031FEB7 /* SPCoreDataManager+Tests.h */ = {isa = PBXFileReference; lastKnownFileType = sourcecode.c.h; path = "SPCoreDataManager+Tests.h"; sourceTree = "<group>"; };
		E25B311E203EAD480031FEB7 /* SPCoreDataManager+Tests.m */ = {isa = PBXFileReference; lastKnownFileType = sourcecode.c.objc; path = "SPCoreDataManager+Tests.m"; sourceTree = "<group>"; };
		E25B3120203EB0170031FEB7 /* SPMantleHelper.m */ = {isa = PBXFileReference; fileEncoding = 4; lastKnownFileType = sourcecode.c.objc; name = SPMantleHelper.m; path = SpeedTest/SPMantleHelper.m; sourceTree = SOURCE_ROOT; };
		E25B3121203EB0170031FEB7 /* SPMantleHelper.h */ = {isa = PBXFileReference; fileEncoding = 4; lastKnownFileType = sourcecode.c.h; name = SPMantleHelper.h; path = SpeedTest/SPMantleHelper.h; sourceTree = SOURCE_ROOT; };
		E25B3123203EB7550031FEB7 /* SPSpeedTestHistoryDataController.h */ = {isa = PBXFileReference; lastKnownFileType = sourcecode.c.h; path = SPSpeedTestHistoryDataController.h; sourceTree = "<group>"; };
		E25B3124203EB7550031FEB7 /* SPSpeedTestHistoryDataController.m */ = {isa = PBXFileReference; lastKnownFileType = sourcecode.c.objc; path = SPSpeedTestHistoryDataController.m; sourceTree = "<group>"; };
		E25B3127203EB8370031FEB7 /* SPInjections.h */ = {isa = PBXFileReference; lastKnownFileType = sourcecode.c.h; path = SPInjections.h; sourceTree = "<group>"; };
		E25B312C203EBE450031FEB7 /* SPSpeedTestHistoryTableViewDataSourse.h */ = {isa = PBXFileReference; lastKnownFileType = sourcecode.c.h; path = SPSpeedTestHistoryTableViewDataSourse.h; sourceTree = "<group>"; };
		E25B312D203EBE450031FEB7 /* SPSpeedTestHistoryTableViewDataSourse.m */ = {isa = PBXFileReference; lastKnownFileType = sourcecode.c.objc; path = SPSpeedTestHistoryTableViewDataSourse.m; sourceTree = "<group>"; };
		E25B312F203ECF860031FEB7 /* SPSpeedTestHistoryTableViewCell.h */ = {isa = PBXFileReference; lastKnownFileType = sourcecode.c.h; path = SPSpeedTestHistoryTableViewCell.h; sourceTree = "<group>"; };
		E25B3130203ECF860031FEB7 /* SPSpeedTestHistoryTableViewCell.m */ = {isa = PBXFileReference; lastKnownFileType = sourcecode.c.objc; path = SPSpeedTestHistoryTableViewCell.m; sourceTree = "<group>"; };
		E25B313420403C040031FEB7 /* SPSpeedLatencyTest.h */ = {isa = PBXFileReference; lastKnownFileType = sourcecode.c.h; path = SPSpeedLatencyTest.h; sourceTree = "<group>"; };
		E25B313520403C040031FEB7 /* SPSpeedLatencyTest.m */ = {isa = PBXFileReference; lastKnownFileType = sourcecode.c.objc; path = SPSpeedLatencyTest.m; sourceTree = "<group>"; };
		E25B313F204439D60031FEB7 /* SPSpeedThroughputTest.h */ = {isa = PBXFileReference; fileEncoding = 4; lastKnownFileType = sourcecode.c.h; name = SPSpeedThroughputTest.h; path = ThroughputTest/SPSpeedThroughputTest.h; sourceTree = "<group>"; };
		E25B3140204439D70031FEB7 /* SPSpeedThroughputTest.m */ = {isa = PBXFileReference; fileEncoding = 4; lastKnownFileType = sourcecode.c.objc; name = SPSpeedThroughputTest.m; path = ThroughputTest/SPSpeedThroughputTest.m; sourceTree = "<group>"; };
		E2D5A496203AAB7300F75B02 /* SpeedTest.app */ = {isa = PBXFileReference; explicitFileType = wrapper.application; includeInIndex = 0; path = SpeedTest.app; sourceTree = BUILT_PRODUCTS_DIR; };
		E2D5A499203AAB7300F75B02 /* AppDelegate.h */ = {isa = PBXFileReference; lastKnownFileType = sourcecode.c.h; path = AppDelegate.h; sourceTree = "<group>"; };
		E2D5A49A203AAB7300F75B02 /* AppDelegate.m */ = {isa = PBXFileReference; lastKnownFileType = sourcecode.c.objc; path = AppDelegate.m; sourceTree = "<group>"; };
		E2D5A49C203AAB7300F75B02 /* ViewController.h */ = {isa = PBXFileReference; lastKnownFileType = sourcecode.c.h; path = ViewController.h; sourceTree = "<group>"; };
		E2D5A49D203AAB7300F75B02 /* ViewController.m */ = {isa = PBXFileReference; lastKnownFileType = sourcecode.c.objc; path = ViewController.m; sourceTree = "<group>"; };
		E2D5A4A0203AAB7300F75B02 /* Base */ = {isa = PBXFileReference; lastKnownFileType = file.storyboard; name = Base; path = Base.lproj/Main.storyboard; sourceTree = "<group>"; };
		E2D5A4A2203AAB7300F75B02 /* Assets.xcassets */ = {isa = PBXFileReference; lastKnownFileType = folder.assetcatalog; path = Assets.xcassets; sourceTree = "<group>"; };
		E2D5A4A5203AAB7300F75B02 /* Base */ = {isa = PBXFileReference; lastKnownFileType = file.storyboard; name = Base; path = Base.lproj/LaunchScreen.storyboard; sourceTree = "<group>"; };
		E2D5A4A7203AAB7300F75B02 /* Info.plist */ = {isa = PBXFileReference; lastKnownFileType = text.plist.xml; path = Info.plist; sourceTree = "<group>"; };
		E2D5A4A8203AAB7300F75B02 /* main.m */ = {isa = PBXFileReference; lastKnownFileType = sourcecode.c.objc; path = main.m; sourceTree = "<group>"; };
		E2D5A4AE203AAB7400F75B02 /* SpeedTestTests.xctest */ = {isa = PBXFileReference; explicitFileType = wrapper.cfbundle; includeInIndex = 0; path = SpeedTestTests.xctest; sourceTree = BUILT_PRODUCTS_DIR; };
		E2D5A4B2203AAB7400F75B02 /* SpeedTestTests.m */ = {isa = PBXFileReference; lastKnownFileType = sourcecode.c.objc; path = SpeedTestTests.m; sourceTree = "<group>"; };
		E2D5A4B4203AAB7400F75B02 /* Info.plist */ = {isa = PBXFileReference; lastKnownFileType = text.plist.xml; path = Info.plist; sourceTree = "<group>"; };
		E2D5A4B9203AAB7400F75B02 /* SpeedTestUITests.xctest */ = {isa = PBXFileReference; explicitFileType = wrapper.cfbundle; includeInIndex = 0; path = SpeedTestUITests.xctest; sourceTree = BUILT_PRODUCTS_DIR; };
		E2D5A4BD203AAB7400F75B02 /* SpeedTestUITests.m */ = {isa = PBXFileReference; lastKnownFileType = sourcecode.c.objc; path = SpeedTestUITests.m; sourceTree = "<group>"; };
		E2D5A4BF203AAB7400F75B02 /* Info.plist */ = {isa = PBXFileReference; lastKnownFileType = text.plist.xml; path = Info.plist; sourceTree = "<group>"; };
		E2D5A4CC203AAE5800F75B02 /* SPInjectorContainer.h */ = {isa = PBXFileReference; lastKnownFileType = sourcecode.c.h; path = SPInjectorContainer.h; sourceTree = "<group>"; };
		E2D5A4CD203AAE5800F75B02 /* SPInjectorContainer.m */ = {isa = PBXFileReference; lastKnownFileType = sourcecode.c.objc; path = SPInjectorContainer.m; sourceTree = "<group>"; };
		E2D5A4D0203AAFAD00F75B02 /* SPUIManagerProtocol.h */ = {isa = PBXFileReference; lastKnownFileType = sourcecode.c.h; path = SPUIManagerProtocol.h; sourceTree = "<group>"; };
		E2D5A4D3203AAFDD00F75B02 /* SPUIManager.h */ = {isa = PBXFileReference; lastKnownFileType = sourcecode.c.h; path = SPUIManager.h; sourceTree = "<group>"; };
		E2D5A4D4203AAFDD00F75B02 /* SPUIManager.m */ = {isa = PBXFileReference; lastKnownFileType = sourcecode.c.objc; path = SPUIManager.m; sourceTree = "<group>"; };
		E2D5A4D8203AB16200F75B02 /* SPSpeedViewController.h */ = {isa = PBXFileReference; lastKnownFileType = sourcecode.c.h; path = SPSpeedViewController.h; sourceTree = "<group>"; };
		E2D5A4D9203AB16200F75B02 /* SPSpeedViewController.m */ = {isa = PBXFileReference; lastKnownFileType = sourcecode.c.objc; path = SPSpeedViewController.m; sourceTree = "<group>"; };
		E2D5A4DC203AB18600F75B02 /* SPSettingsViewController.h */ = {isa = PBXFileReference; lastKnownFileType = sourcecode.c.h; path = SPSettingsViewController.h; sourceTree = "<group>"; };
		E2D5A4DD203AB18600F75B02 /* SPSettingsViewController.m */ = {isa = PBXFileReference; lastKnownFileType = sourcecode.c.objc; path = SPSettingsViewController.m; sourceTree = "<group>"; };
		E2D5A4E0203AC64800F75B02 /* SPTransferManagerProtocol.h */ = {isa = PBXFileReference; lastKnownFileType = sourcecode.c.h; path = SPTransferManagerProtocol.h; sourceTree = "<group>"; };
		E2D5A4E3203AC99900F75B02 /* SPTransferManager.h */ = {isa = PBXFileReference; lastKnownFileType = sourcecode.c.h; path = SPTransferManager.h; sourceTree = "<group>"; };
		E2D5A4E4203AC99900F75B02 /* SPTransferManager.m */ = {isa = PBXFileReference; lastKnownFileType = sourcecode.c.objc; path = SPTransferManager.m; sourceTree = "<group>"; };
		E2D5A4E6203AD07B00F75B02 /* SPTransferManagerDownloadTask.h */ = {isa = PBXFileReference; lastKnownFileType = sourcecode.c.h; path = SPTransferManagerDownloadTask.h; sourceTree = "<group>"; };
		E2D5A4E7203AD07B00F75B02 /* SPTransferManagerDownloadTask.m */ = {isa = PBXFileReference; lastKnownFileType = sourcecode.c.objc; path = SPTransferManagerDownloadTask.m; sourceTree = "<group>"; };
		E2D5A4EA203B052D00F75B02 /* SPSpeedTestManagerProtocol.h */ = {isa = PBXFileReference; lastKnownFileType = sourcecode.c.h; path = SPSpeedTestManagerProtocol.h; sourceTree = "<group>"; };
		E2D5A4EF203B1A4C00F75B02 /* SPSpeedTestManager.h */ = {isa = PBXFileReference; lastKnownFileType = sourcecode.c.h; path = SPSpeedTestManager.h; sourceTree = "<group>"; };
		E2D5A4F0203B1A4C00F75B02 /* SPSpeedTestManager.m */ = {isa = PBXFileReference; lastKnownFileType = sourcecode.c.objc; path = SPSpeedTestManager.m; sourceTree = "<group>"; };
		E2D5A4F2203B1B7600F75B02 /* SPSpeedTestProtocol.h */ = {isa = PBXFileReference; lastKnownFileType = sourcecode.c.h; path = SPSpeedTestProtocol.h; sourceTree = "<group>"; };
		E2D5A4F9203BFD7600F75B02 /* SPSpeedTestManagerDelegate.h */ = {isa = PBXFileReference; lastKnownFileType = sourcecode.c.h; path = SPSpeedTestManagerDelegate.h; sourceTree = "<group>"; };
		E553874F2FFF7EFD896E9157 /* libPods-SpeedTestUITests.a */ = {isa = PBXFileReference; explicitFileType = archive.ar; includeInIndex = 0; path = "libPods-SpeedTestUITests.a"; sourceTree = BUILT_PRODUCTS_DIR; };
		E9132B0B203EC86500B42520 /* SPFTPTransferManager.h */ = {isa = PBXFileReference; lastKnownFileType = sourcecode.c.h; path = SPFTPTransferManager.h; sourceTree = "<group>"; };
		E9132B0C203EC86500B42520 /* SPFTPTransferManager.m */ = {isa = PBXFileReference; lastKnownFileType = sourcecode.c.objc; path = SPFTPTransferManager.m; sourceTree = "<group>"; };
		E952D3A4203EC3520000E725 /* SPFTPThroughputTest.h */ = {isa = PBXFileReference; lastKnownFileType = sourcecode.c.h; path = SPFTPThroughputTest.h; sourceTree = "<group>"; };
		E952D3A5203EC3520000E725 /* SPFTPThroughputTest.m */ = {isa = PBXFileReference; lastKnownFileType = sourcecode.c.objc; path = SPFTPThroughputTest.m; sourceTree = "<group>"; };
		E973A1BD203D906E0048ABB3 /* SPDataGeneratorProtocol.h */ = {isa = PBXFileReference; lastKnownFileType = sourcecode.c.h; path = SPDataGeneratorProtocol.h; sourceTree = "<group>"; };
		E973A1C2203D91000048ABB3 /* SPDataGenerator.h */ = {isa = PBXFileReference; lastKnownFileType = sourcecode.c.h; path = SPDataGenerator.h; sourceTree = "<group>"; };
		E973A1C3203D91000048ABB3 /* SPDataGenerator.m */ = {isa = PBXFileReference; lastKnownFileType = sourcecode.c.objc; path = SPDataGenerator.m; sourceTree = "<group>"; };
		E973A1C8203D98C50048ABB3 /* SPFTPViewController.h */ = {isa = PBXFileReference; lastKnownFileType = sourcecode.c.h; path = SPFTPViewController.h; sourceTree = "<group>"; };
		E973A1C9203D98C50048ABB3 /* SPFTPViewController.m */ = {isa = PBXFileReference; lastKnownFileType = sourcecode.c.objc; path = SPFTPViewController.m; sourceTree = "<group>"; };
		E973A1D2203DB6C70048ABB3 /* LxFTPRequest.m */ = {isa = PBXFileReference; fileEncoding = 4; lastKnownFileType = sourcecode.c.objc; path = LxFTPRequest.m; sourceTree = "<group>"; };
		E973A1D3203DB6C70048ABB3 /* LxFTPRequest.h */ = {isa = PBXFileReference; fileEncoding = 4; lastKnownFileType = sourcecode.c.h; path = LxFTPRequest.h; sourceTree = "<group>"; };
		E9802BF520442D9300F46D2B /* SPFTPViewModel.h */ = {isa = PBXFileReference; lastKnownFileType = sourcecode.c.h; path = SPFTPViewModel.h; sourceTree = "<group>"; };
		E9802BF620442D9300F46D2B /* SPFTPViewModel.m */ = {isa = PBXFileReference; lastKnownFileType = sourcecode.c.objc; path = SPFTPViewModel.m; sourceTree = "<group>"; };
/* End PBXFileReference section */

/* Begin PBXFrameworksBuildPhase section */
		E2D5A493203AAB7300F75B02 /* Frameworks */ = {
			isa = PBXFrameworksBuildPhase;
			buildActionMask = 2147483647;
			files = (
				D55029083D42199C457A91CA /* libPods-SpeedTest.a in Frameworks */,
			);
			runOnlyForDeploymentPostprocessing = 0;
		};
		E2D5A4AB203AAB7400F75B02 /* Frameworks */ = {
			isa = PBXFrameworksBuildPhase;
			buildActionMask = 2147483647;
			files = (
				BD50C6DAAA85F769DAE034F4 /* libPods-SpeedTestTests.a in Frameworks */,
			);
			runOnlyForDeploymentPostprocessing = 0;
		};
		E2D5A4B6203AAB7400F75B02 /* Frameworks */ = {
			isa = PBXFrameworksBuildPhase;
			buildActionMask = 2147483647;
			files = (
				DACB0ECEA0967A7CA93B7AB5 /* libPods-SpeedTestUITests.a in Frameworks */,
			);
			runOnlyForDeploymentPostprocessing = 0;
		};
/* End PBXFrameworksBuildPhase section */

/* Begin PBXGroup section */
		5AACF46767C949BF9D6652AE /* Pods */ = {
			isa = PBXGroup;
			children = (
				CF97755790D6816E6C0E0A52 /* Pods-SpeedTest.debug.xcconfig */,
				3C4B5D69E1E8F9EC9BE96A2A /* Pods-SpeedTest.release.xcconfig */,
				6DE92D97E54EF9603590108B /* Pods-SpeedTestTests.debug.xcconfig */,
				5E846C9C3F24F66F335324B9 /* Pods-SpeedTestTests.release.xcconfig */,
				A7452604301F2B67A8752817 /* Pods-SpeedTestUITests.debug.xcconfig */,
				D0F3DE0778B5005AAA22EFAB /* Pods-SpeedTestUITests.release.xcconfig */,
			);
			name = Pods;
			sourceTree = "<group>";
		};
		E25B30F5203E97140031FEB7 /* TestModel */ = {
			isa = PBXGroup;
			children = (
				E25B30F6203E97320031FEB7 /* SPTestModel.h */,
				E25B30F7203E97320031FEB7 /* SPTestModel.m */,
				E25B30F9203E9E160031FEB7 /* SPTestInfoModel.h */,
				E25B30FA203E9E160031FEB7 /* SPTestInfoModel.m */,
			);
			path = TestModel;
			sourceTree = "<group>";
		};
		E25B30FD203EA4DC0031FEB7 /* SpeedTestHistoryViewConroller */ = {
			isa = PBXGroup;
			children = (
				E25B312B203EBE090031FEB7 /* SPSpeedTestHistoryTableView */,
				E25B3126203EB75F0031FEB7 /* SPSpeedTestHistoryDataController */,
				E25B30FE203EA50F0031FEB7 /* SPSpeedTestHistoryViewConroller.h */,
				E25B30FF203EA50F0031FEB7 /* SPSpeedTestHistoryViewConroller.m */,
			);
			path = SpeedTestHistoryViewConroller;
			sourceTree = "<group>";
		};
		E25B3101203EA6620031FEB7 /* SPCoreDataManager */ = {
			isa = PBXGroup;
			children = (
				E25B3118203EAC950031FEB7 /* SPCoreDataManager+Tests */,
				E25B310D203EA8700031FEB7 /* SpeedTestManagedObject */,
				E25B3103203EA67B0031FEB7 /* SPCoreDataManager.h */,
				E25B3106203EA67B0031FEB7 /* SPCoreDataManager.m */,
				E25B3105203EA67B0031FEB7 /* SPCoreDataManagerProtocol.h */,
				E25B3107203EA67B0031FEB7 /* SPCoreDataManager+Operations.h */,
				E25B3102203EA67B0031FEB7 /* SPCoreDataManager+Operations.m */,
				E25B3104203EA67B0031FEB7 /* SPCoreDataOperationsProtocol.h */,
				E25B310A203EA81E0031FEB7 /* SpeedTestDataModel.xcdatamodeld */,
			);
			path = SPCoreDataManager;
			sourceTree = "<group>";
		};
		E25B310D203EA8700031FEB7 /* SpeedTestManagedObject */ = {
			isa = PBXGroup;
			children = (
				E25B3112203EA8AF0031FEB7 /* SPSpeedTest+CoreDataClass.h */,
				E25B3113203EA8AF0031FEB7 /* SPSpeedTest+CoreDataClass.m */,
				E25B3114203EA8AF0031FEB7 /* SPSpeedTest+CoreDataProperties.h */,
				E25B3115203EA8AF0031FEB7 /* SPSpeedTest+CoreDataProperties.m */,
			);
			path = SpeedTestManagedObject;
			sourceTree = "<group>";
		};
		E25B3118203EAC950031FEB7 /* SPCoreDataManager+Tests */ = {
			isa = PBXGroup;
			children = (
				E25B311D203EAD480031FEB7 /* SPCoreDataManager+Tests.h */,
				E25B311E203EAD480031FEB7 /* SPCoreDataManager+Tests.m */,
				E25B311A203EACD40031FEB7 /* SPCoreDataManagerTestsProtocol.h */,
			);
			path = "SPCoreDataManager+Tests";
			sourceTree = "<group>";
		};
		E25B3126203EB75F0031FEB7 /* SPSpeedTestHistoryDataController */ = {
			isa = PBXGroup;
			children = (
				E25B3123203EB7550031FEB7 /* SPSpeedTestHistoryDataController.h */,
				E25B3124203EB7550031FEB7 /* SPSpeedTestHistoryDataController.m */,
			);
			path = SPSpeedTestHistoryDataController;
			sourceTree = "<group>";
		};
		E25B312B203EBE090031FEB7 /* SPSpeedTestHistoryTableView */ = {
			isa = PBXGroup;
			children = (
				E25B312C203EBE450031FEB7 /* SPSpeedTestHistoryTableViewDataSourse.h */,
				E25B312D203EBE450031FEB7 /* SPSpeedTestHistoryTableViewDataSourse.m */,
				E25B312F203ECF860031FEB7 /* SPSpeedTestHistoryTableViewCell.h */,
				E25B3130203ECF860031FEB7 /* SPSpeedTestHistoryTableViewCell.m */,
			);
			path = SPSpeedTestHistoryTableView;
			sourceTree = "<group>";
		};
		E25B313220403BD30031FEB7 /* ThroughputTest */ = {
			isa = PBXGroup;
			children = (
			);
			path = ThroughputTest;
			sourceTree = "<group>";
		};
		E25B313320403BDE0031FEB7 /* LatencyTest */ = {
			isa = PBXGroup;
			children = (
				E25B313420403C040031FEB7 /* SPSpeedLatencyTest.h */,
				E25B313520403C040031FEB7 /* SPSpeedLatencyTest.m */,
			);
			path = LatencyTest;
			sourceTree = "<group>";
		};
		E2D5A48D203AAB7300F75B02 = {
			isa = PBXGroup;
			children = (
				E2D5A498203AAB7300F75B02 /* SpeedTest */,
				E2D5A4B1203AAB7400F75B02 /* SpeedTestTests */,
				E2D5A4BC203AAB7400F75B02 /* SpeedTestUITests */,
				E2D5A497203AAB7300F75B02 /* Products */,
				5AACF46767C949BF9D6652AE /* Pods */,
				F1C85057B692B2F266069151 /* Frameworks */,
			);
			sourceTree = "<group>";
		};
		E2D5A497203AAB7300F75B02 /* Products */ = {
			isa = PBXGroup;
			children = (
				E2D5A496203AAB7300F75B02 /* SpeedTest.app */,
				E2D5A4AE203AAB7400F75B02 /* SpeedTestTests.xctest */,
				E2D5A4B9203AAB7400F75B02 /* SpeedTestUITests.xctest */,
			);
			name = Products;
			sourceTree = "<group>";
		};
		E2D5A498203AAB7300F75B02 /* SpeedTest */ = {
			isa = PBXGroup;
			children = (
				E25B30F5203E97140031FEB7 /* TestModel */,
				E2D5A4FC203C63C000F75B02 /* Utils */,
				E94A7DDC204051DF00B3BCCF /* ThirdParty */,
				E2D5A4D6203AB01C00F75B02 /* CommonViewControllers */,
				E2D5A4CB203AAE3900F75B02 /* SPInjectorContainer */,
				E2D5A499203AAB7300F75B02 /* AppDelegate.h */,
				E2D5A49A203AAB7300F75B02 /* AppDelegate.m */,
				E2D5A49C203AAB7300F75B02 /* ViewController.h */,
				E2D5A49D203AAB7300F75B02 /* ViewController.m */,
				E2D5A49F203AAB7300F75B02 /* Main.storyboard */,
				E2D5A4A2203AAB7300F75B02 /* Assets.xcassets */,
				E2D5A4A4203AAB7300F75B02 /* LaunchScreen.storyboard */,
				E2D5A4A7203AAB7300F75B02 /* Info.plist */,
				E2D5A4A8203AAB7300F75B02 /* main.m */,
				E25B30FC203EA0B80031FEB7 /* PrefixHeader.pch */,
			);
			path = SpeedTest;
			sourceTree = "<group>";
		};
		E2D5A4B1203AAB7400F75B02 /* SpeedTestTests */ = {
			isa = PBXGroup;
			children = (
				E2D5A4B2203AAB7400F75B02 /* SpeedTestTests.m */,
				E2D5A4B4203AAB7400F75B02 /* Info.plist */,
			);
			path = SpeedTestTests;
			sourceTree = "<group>";
		};
		E2D5A4BC203AAB7400F75B02 /* SpeedTestUITests */ = {
			isa = PBXGroup;
			children = (
				E2D5A4BD203AAB7400F75B02 /* SpeedTestUITests.m */,
				E2D5A4BF203AAB7400F75B02 /* Info.plist */,
			);
			path = SpeedTestUITests;
			sourceTree = "<group>";
		};
		E2D5A4CB203AAE3900F75B02 /* SPInjectorContainer */ = {
			isa = PBXGroup;
			children = (
				E25B3101203EA6620031FEB7 /* SPCoreDataManager */,
				E973A1BC203D8E670048ABB3 /* SPDataGenerator */,
				E2D5A4F5203B1BE700F75B02 /* SPSpeedTests */,
				E2D5A4E9203B050B00F75B02 /* SPSpeedTestManager */,
				E2D5A4DF203AC4D000F75B02 /* SPTransferManagers */,
				E2D5A4CF203AAF9600F75B02 /* SPUIManager */,
				E2D5A4CC203AAE5800F75B02 /* SPInjectorContainer.h */,
				E2D5A4CD203AAE5800F75B02 /* SPInjectorContainer.m */,
				E2D5A4F2203B1B7600F75B02 /* SPSpeedTestProtocol.h */,
				E25B3127203EB8370031FEB7 /* SPInjections.h */,
			);
			path = SPInjectorContainer;
			sourceTree = "<group>";
		};
		E2D5A4CF203AAF9600F75B02 /* SPUIManager */ = {
			isa = PBXGroup;
			children = (
				E2D5A4D0203AAFAD00F75B02 /* SPUIManagerProtocol.h */,
				E2D5A4D3203AAFDD00F75B02 /* SPUIManager.h */,
				E2D5A4D4203AAFDD00F75B02 /* SPUIManager.m */,
			);
			path = SPUIManager;
			sourceTree = "<group>";
		};
		E2D5A4D6203AB01C00F75B02 /* CommonViewControllers */ = {
			isa = PBXGroup;
			children = (
				E25B30FD203EA4DC0031FEB7 /* SpeedTestHistoryViewConroller */,
				E2D5A4DB203AB16800F75B02 /* SpeedTestSettingsViewController */,
				E2D5A4D7203AB03A00F75B02 /* SpeedTestViewController */,
				E973A1C7203D98730048ABB3 /* FTPTestViewController */,
			);
			path = CommonViewControllers;
			sourceTree = "<group>";
		};
		E2D5A4D7203AB03A00F75B02 /* SpeedTestViewController */ = {
			isa = PBXGroup;
			children = (
				E2D5A4D8203AB16200F75B02 /* SPSpeedViewController.h */,
				E2D5A4D9203AB16200F75B02 /* SPSpeedViewController.m */,
			);
			path = SpeedTestViewController;
			sourceTree = "<group>";
		};
		E2D5A4DB203AB16800F75B02 /* SpeedTestSettingsViewController */ = {
			isa = PBXGroup;
			children = (
				E2D5A4DC203AB18600F75B02 /* SPSettingsViewController.h */,
				E2D5A4DD203AB18600F75B02 /* SPSettingsViewController.m */,
			);
			path = SpeedTestSettingsViewController;
			sourceTree = "<group>";
		};
		E2D5A4DF203AC4D000F75B02 /* SPTransferManagers */ = {
			isa = PBXGroup;
			children = (
				E2D5A4E0203AC64800F75B02 /* SPTransferManagerProtocol.h */,
				E9132B10203EF6B400B42520 /* SPTransferManager */,
				E9132B11203EF6D600B42520 /* SPFTPTransferManager */,
			);
			path = SPTransferManagers;
			sourceTree = "<group>";
		};
		E2D5A4E9203B050B00F75B02 /* SPSpeedTestManager */ = {
			isa = PBXGroup;
			children = (
				E2D5A4EF203B1A4C00F75B02 /* SPSpeedTestManager.h */,
				E2D5A4F0203B1A4C00F75B02 /* SPSpeedTestManager.m */,
				E2D5A4EA203B052D00F75B02 /* SPSpeedTestManagerProtocol.h */,
				E2D5A4F9203BFD7600F75B02 /* SPSpeedTestManagerDelegate.h */,
			);
			path = SPSpeedTestManager;
			sourceTree = "<group>";
		};
		E2D5A4F5203B1BE700F75B02 /* SPSpeedTests */ = {
			isa = PBXGroup;
			children = (
				E25B313F204439D60031FEB7 /* SPSpeedThroughputTest.h */,
				E25B3140204439D70031FEB7 /* SPSpeedThroughputTest.m */,
				E952D3A4203EC3520000E725 /* SPFTPThroughputTest.h */,
				E952D3A5203EC3520000E725 /* SPFTPThroughputTest.m */,
				E25B313320403BDE0031FEB7 /* LatencyTest */,
				E25B313220403BD30031FEB7 /* ThroughputTest */,
			);
			path = SPSpeedTests;
			sourceTree = "<group>";
		};
		E2D5A4FC203C63C000F75B02 /* Utils */ = {
			isa = PBXGroup;
			children = (
				E25B3121203EB0170031FEB7 /* SPMantleHelper.h */,
				E25B3120203EB0170031FEB7 /* SPMantleHelper.m */,
			);
			path = Utils;
			sourceTree = "<group>";
		};
		E9132B10203EF6B400B42520 /* SPTransferManager */ = {
			isa = PBXGroup;
			children = (
				E2D5A4E3203AC99900F75B02 /* SPTransferManager.h */,
				E2D5A4E4203AC99900F75B02 /* SPTransferManager.m */,
				E2D5A4E6203AD07B00F75B02 /* SPTransferManagerDownloadTask.h */,
				E2D5A4E7203AD07B00F75B02 /* SPTransferManagerDownloadTask.m */,
			);
			path = SPTransferManager;
			sourceTree = "<group>";
		};
		E9132B11203EF6D600B42520 /* SPFTPTransferManager */ = {
			isa = PBXGroup;
			children = (
				E9132B0B203EC86500B42520 /* SPFTPTransferManager.h */,
				E9132B0C203EC86500B42520 /* SPFTPTransferManager.m */,
			);
			path = SPFTPTransferManager;
			sourceTree = "<group>";
		};
		E94A7DDC204051DF00B3BCCF /* ThirdParty */ = {
			isa = PBXGroup;
			children = (
				E973A1D1203DB6C70048ABB3 /* LxFTPRequest */,
			);
			path = ThirdParty;
			sourceTree = "<group>";
		};
		E973A1BC203D8E670048ABB3 /* SPDataGenerator */ = {
			isa = PBXGroup;
			children = (
				E973A1C2203D91000048ABB3 /* SPDataGenerator.h */,
				E973A1C3203D91000048ABB3 /* SPDataGenerator.m */,
				E973A1BD203D906E0048ABB3 /* SPDataGeneratorProtocol.h */,
			);
			path = SPDataGenerator;
			sourceTree = "<group>";
		};
		E973A1C7203D98730048ABB3 /* FTPTestViewController */ = {
			isa = PBXGroup;
			children = (
				E973A1C8203D98C50048ABB3 /* SPFTPViewController.h */,
				E973A1C9203D98C50048ABB3 /* SPFTPViewController.m */,
				E9802BF520442D9300F46D2B /* SPFTPViewModel.h */,
				E9802BF620442D9300F46D2B /* SPFTPViewModel.m */,
			);
			path = FTPTestViewController;
			sourceTree = "<group>";
		};
		E973A1D1203DB6C70048ABB3 /* LxFTPRequest */ = {
			isa = PBXGroup;
			children = (
				E973A1D3203DB6C70048ABB3 /* LxFTPRequest.h */,
				E973A1D2203DB6C70048ABB3 /* LxFTPRequest.m */,
			);
			path = LxFTPRequest;
			sourceTree = "<group>";
		};
		F1C85057B692B2F266069151 /* Frameworks */ = {
			isa = PBXGroup;
			children = (
				BE194744374696F8B0CB4050 /* libPods-SpeedTest.a */,
				14038D78333AD8DB96AADFC4 /* libPods-SpeedTestTests.a */,
				E553874F2FFF7EFD896E9157 /* libPods-SpeedTestUITests.a */,
			);
			name = Frameworks;
			sourceTree = "<group>";
		};
/* End PBXGroup section */

/* Begin PBXNativeTarget section */
		E2D5A495203AAB7300F75B02 /* SpeedTest */ = {
			isa = PBXNativeTarget;
			buildConfigurationList = E2D5A4C2203AAB7400F75B02 /* Build configuration list for PBXNativeTarget "SpeedTest" */;
			buildPhases = (
				E4BF6B1B0E0D45D658F58DB2 /* [CP] Check Pods Manifest.lock */,
				E2D5A492203AAB7300F75B02 /* Sources */,
				E2D5A493203AAB7300F75B02 /* Frameworks */,
				E2D5A494203AAB7300F75B02 /* Resources */,
				C92156399B11063CCC22780C /* [CP] Embed Pods Frameworks */,
				A7F62192037CF9F02834AD7C /* [CP] Copy Pods Resources */,
			);
			buildRules = (
			);
			dependencies = (
			);
			name = SpeedTest;
			productName = SpeedTest;
			productReference = E2D5A496203AAB7300F75B02 /* SpeedTest.app */;
			productType = "com.apple.product-type.application";
		};
		E2D5A4AD203AAB7400F75B02 /* SpeedTestTests */ = {
			isa = PBXNativeTarget;
			buildConfigurationList = E2D5A4C5203AAB7400F75B02 /* Build configuration list for PBXNativeTarget "SpeedTestTests" */;
			buildPhases = (
				4B6BD158F918FC21F1969623 /* [CP] Check Pods Manifest.lock */,
				E2D5A4AA203AAB7400F75B02 /* Sources */,
				E2D5A4AB203AAB7400F75B02 /* Frameworks */,
				E2D5A4AC203AAB7400F75B02 /* Resources */,
				63B736CEFF80DF7A131F558F /* [CP] Embed Pods Frameworks */,
				AF35B2D2BC0701EF44E8A9B4 /* [CP] Copy Pods Resources */,
			);
			buildRules = (
			);
			dependencies = (
				E2D5A4B0203AAB7400F75B02 /* PBXTargetDependency */,
			);
			name = SpeedTestTests;
			productName = SpeedTestTests;
			productReference = E2D5A4AE203AAB7400F75B02 /* SpeedTestTests.xctest */;
			productType = "com.apple.product-type.bundle.unit-test";
		};
		E2D5A4B8203AAB7400F75B02 /* SpeedTestUITests */ = {
			isa = PBXNativeTarget;
			buildConfigurationList = E2D5A4C8203AAB7400F75B02 /* Build configuration list for PBXNativeTarget "SpeedTestUITests" */;
			buildPhases = (
				9F98DC2CCC56BE09C72F867F /* [CP] Check Pods Manifest.lock */,
				E2D5A4B5203AAB7400F75B02 /* Sources */,
				E2D5A4B6203AAB7400F75B02 /* Frameworks */,
				E2D5A4B7203AAB7400F75B02 /* Resources */,
				3A52CAE0635B14D91CFD2857 /* [CP] Embed Pods Frameworks */,
				D7BAF81B41BDC5936B58F29F /* [CP] Copy Pods Resources */,
			);
			buildRules = (
			);
			dependencies = (
				E2D5A4BB203AAB7400F75B02 /* PBXTargetDependency */,
			);
			name = SpeedTestUITests;
			productName = SpeedTestUITests;
			productReference = E2D5A4B9203AAB7400F75B02 /* SpeedTestUITests.xctest */;
			productType = "com.apple.product-type.bundle.ui-testing";
		};
/* End PBXNativeTarget section */

/* Begin PBXProject section */
		E2D5A48E203AAB7300F75B02 /* Project object */ = {
			isa = PBXProject;
			attributes = {
				LastUpgradeCheck = 0920;
				ORGANIZATIONNAME = Dmtech;
				TargetAttributes = {
					E2D5A495203AAB7300F75B02 = {
						CreatedOnToolsVersion = 9.2;
						LastSwiftMigration = 0920;
						ProvisioningStyle = Automatic;
					};
					E2D5A4AD203AAB7400F75B02 = {
						CreatedOnToolsVersion = 9.2;
						ProvisioningStyle = Automatic;
						TestTargetID = E2D5A495203AAB7300F75B02;
					};
					E2D5A4B8203AAB7400F75B02 = {
						CreatedOnToolsVersion = 9.2;
						ProvisioningStyle = Automatic;
						TestTargetID = E2D5A495203AAB7300F75B02;
					};
				};
			};
			buildConfigurationList = E2D5A491203AAB7300F75B02 /* Build configuration list for PBXProject "SpeedTest" */;
			compatibilityVersion = "Xcode 8.0";
			developmentRegion = en;
			hasScannedForEncodings = 0;
			knownRegions = (
				en,
				Base,
			);
			mainGroup = E2D5A48D203AAB7300F75B02;
			productRefGroup = E2D5A497203AAB7300F75B02 /* Products */;
			projectDirPath = "";
			projectRoot = "";
			targets = (
				E2D5A495203AAB7300F75B02 /* SpeedTest */,
				E2D5A4AD203AAB7400F75B02 /* SpeedTestTests */,
				E2D5A4B8203AAB7400F75B02 /* SpeedTestUITests */,
			);
		};
/* End PBXProject section */

/* Begin PBXResourcesBuildPhase section */
		E2D5A494203AAB7300F75B02 /* Resources */ = {
			isa = PBXResourcesBuildPhase;
			buildActionMask = 2147483647;
			files = (
				E2D5A4A6203AAB7300F75B02 /* LaunchScreen.storyboard in Resources */,
				E2D5A4A3203AAB7300F75B02 /* Assets.xcassets in Resources */,
				E2D5A4A1203AAB7300F75B02 /* Main.storyboard in Resources */,
			);
			runOnlyForDeploymentPostprocessing = 0;
		};
		E2D5A4AC203AAB7400F75B02 /* Resources */ = {
			isa = PBXResourcesBuildPhase;
			buildActionMask = 2147483647;
			files = (
			);
			runOnlyForDeploymentPostprocessing = 0;
		};
		E2D5A4B7203AAB7400F75B02 /* Resources */ = {
			isa = PBXResourcesBuildPhase;
			buildActionMask = 2147483647;
			files = (
			);
			runOnlyForDeploymentPostprocessing = 0;
		};
/* End PBXResourcesBuildPhase section */

/* Begin PBXShellScriptBuildPhase section */
		3A52CAE0635B14D91CFD2857 /* [CP] Embed Pods Frameworks */ = {
			isa = PBXShellScriptBuildPhase;
			buildActionMask = 2147483647;
			files = (
			);
			inputPaths = (
			);
			name = "[CP] Embed Pods Frameworks";
			outputPaths = (
			);
			runOnlyForDeploymentPostprocessing = 0;
			shellPath = /bin/sh;
			shellScript = "\"${SRCROOT}/Pods/Target Support Files/Pods-SpeedTestUITests/Pods-SpeedTestUITests-frameworks.sh\"\n";
			showEnvVarsInLog = 0;
		};
		4B6BD158F918FC21F1969623 /* [CP] Check Pods Manifest.lock */ = {
			isa = PBXShellScriptBuildPhase;
			buildActionMask = 2147483647;
			files = (
			);
			inputPaths = (
				"${PODS_PODFILE_DIR_PATH}/Podfile.lock",
				"${PODS_ROOT}/Manifest.lock",
			);
			name = "[CP] Check Pods Manifest.lock";
			outputPaths = (
				"$(DERIVED_FILE_DIR)/Pods-SpeedTestTests-checkManifestLockResult.txt",
			);
			runOnlyForDeploymentPostprocessing = 0;
			shellPath = /bin/sh;
			shellScript = "diff \"${PODS_PODFILE_DIR_PATH}/Podfile.lock\" \"${PODS_ROOT}/Manifest.lock\" > /dev/null\nif [ $? != 0 ] ; then\n    # print error to STDERR\n    echo \"error: The sandbox is not in sync with the Podfile.lock. Run 'pod install' or update your CocoaPods installation.\" >&2\n    exit 1\nfi\n# This output is used by Xcode 'outputs' to avoid re-running this script phase.\necho \"SUCCESS\" > \"${SCRIPT_OUTPUT_FILE_0}\"\n";
			showEnvVarsInLog = 0;
		};
		63B736CEFF80DF7A131F558F /* [CP] Embed Pods Frameworks */ = {
			isa = PBXShellScriptBuildPhase;
			buildActionMask = 2147483647;
			files = (
			);
			inputPaths = (
			);
			name = "[CP] Embed Pods Frameworks";
			outputPaths = (
			);
			runOnlyForDeploymentPostprocessing = 0;
			shellPath = /bin/sh;
			shellScript = "\"${SRCROOT}/Pods/Target Support Files/Pods-SpeedTestTests/Pods-SpeedTestTests-frameworks.sh\"\n";
			showEnvVarsInLog = 0;
		};
		9F98DC2CCC56BE09C72F867F /* [CP] Check Pods Manifest.lock */ = {
			isa = PBXShellScriptBuildPhase;
			buildActionMask = 2147483647;
			files = (
			);
			inputPaths = (
				"${PODS_PODFILE_DIR_PATH}/Podfile.lock",
				"${PODS_ROOT}/Manifest.lock",
			);
			name = "[CP] Check Pods Manifest.lock";
			outputPaths = (
				"$(DERIVED_FILE_DIR)/Pods-SpeedTestUITests-checkManifestLockResult.txt",
			);
			runOnlyForDeploymentPostprocessing = 0;
			shellPath = /bin/sh;
			shellScript = "diff \"${PODS_PODFILE_DIR_PATH}/Podfile.lock\" \"${PODS_ROOT}/Manifest.lock\" > /dev/null\nif [ $? != 0 ] ; then\n    # print error to STDERR\n    echo \"error: The sandbox is not in sync with the Podfile.lock. Run 'pod install' or update your CocoaPods installation.\" >&2\n    exit 1\nfi\n# This output is used by Xcode 'outputs' to avoid re-running this script phase.\necho \"SUCCESS\" > \"${SCRIPT_OUTPUT_FILE_0}\"\n";
			showEnvVarsInLog = 0;
		};
		A7F62192037CF9F02834AD7C /* [CP] Copy Pods Resources */ = {
			isa = PBXShellScriptBuildPhase;
			buildActionMask = 2147483647;
			files = (
			);
			inputPaths = (
			);
			name = "[CP] Copy Pods Resources";
			outputPaths = (
			);
			runOnlyForDeploymentPostprocessing = 0;
			shellPath = /bin/sh;
			shellScript = "\"${SRCROOT}/Pods/Target Support Files/Pods-SpeedTest/Pods-SpeedTest-resources.sh\"\n";
			showEnvVarsInLog = 0;
		};
		AF35B2D2BC0701EF44E8A9B4 /* [CP] Copy Pods Resources */ = {
			isa = PBXShellScriptBuildPhase;
			buildActionMask = 2147483647;
			files = (
			);
			inputPaths = (
			);
			name = "[CP] Copy Pods Resources";
			outputPaths = (
			);
			runOnlyForDeploymentPostprocessing = 0;
			shellPath = /bin/sh;
			shellScript = "\"${SRCROOT}/Pods/Target Support Files/Pods-SpeedTestTests/Pods-SpeedTestTests-resources.sh\"\n";
			showEnvVarsInLog = 0;
		};
		C92156399B11063CCC22780C /* [CP] Embed Pods Frameworks */ = {
			isa = PBXShellScriptBuildPhase;
			buildActionMask = 2147483647;
			files = (
			);
			inputPaths = (
			);
			name = "[CP] Embed Pods Frameworks";
			outputPaths = (
			);
			runOnlyForDeploymentPostprocessing = 0;
			shellPath = /bin/sh;
			shellScript = "\"${SRCROOT}/Pods/Target Support Files/Pods-SpeedTest/Pods-SpeedTest-frameworks.sh\"\n";
			showEnvVarsInLog = 0;
		};
		D7BAF81B41BDC5936B58F29F /* [CP] Copy Pods Resources */ = {
			isa = PBXShellScriptBuildPhase;
			buildActionMask = 2147483647;
			files = (
			);
			inputPaths = (
			);
			name = "[CP] Copy Pods Resources";
			outputPaths = (
			);
			runOnlyForDeploymentPostprocessing = 0;
			shellPath = /bin/sh;
			shellScript = "\"${SRCROOT}/Pods/Target Support Files/Pods-SpeedTestUITests/Pods-SpeedTestUITests-resources.sh\"\n";
			showEnvVarsInLog = 0;
		};
		E4BF6B1B0E0D45D658F58DB2 /* [CP] Check Pods Manifest.lock */ = {
			isa = PBXShellScriptBuildPhase;
			buildActionMask = 2147483647;
			files = (
			);
			inputPaths = (
				"${PODS_PODFILE_DIR_PATH}/Podfile.lock",
				"${PODS_ROOT}/Manifest.lock",
			);
			name = "[CP] Check Pods Manifest.lock";
			outputPaths = (
				"$(DERIVED_FILE_DIR)/Pods-SpeedTest-checkManifestLockResult.txt",
			);
			runOnlyForDeploymentPostprocessing = 0;
			shellPath = /bin/sh;
			shellScript = "diff \"${PODS_PODFILE_DIR_PATH}/Podfile.lock\" \"${PODS_ROOT}/Manifest.lock\" > /dev/null\nif [ $? != 0 ] ; then\n    # print error to STDERR\n    echo \"error: The sandbox is not in sync with the Podfile.lock. Run 'pod install' or update your CocoaPods installation.\" >&2\n    exit 1\nfi\n# This output is used by Xcode 'outputs' to avoid re-running this script phase.\necho \"SUCCESS\" > \"${SCRIPT_OUTPUT_FILE_0}\"\n";
			showEnvVarsInLog = 0;
		};
/* End PBXShellScriptBuildPhase section */

/* Begin PBXSourcesBuildPhase section */
		E2D5A492203AAB7300F75B02 /* Sources */ = {
			isa = PBXSourcesBuildPhase;
			buildActionMask = 2147483647;
			files = (
				E25B3141204439D70031FEB7 /* SPSpeedThroughputTest.m in Sources */,
				E25B30F8203E97320031FEB7 /* SPTestModel.m in Sources */,
				E2D5A4D5203AAFDD00F75B02 /* SPUIManager.m in Sources */,
				E25B3100203EA50F0031FEB7 /* SPSpeedTestHistoryViewConroller.m in Sources */,
				E25B3122203EB0170031FEB7 /* SPMantleHelper.m in Sources */,
				E2D5A4E5203AC99900F75B02 /* SPTransferManager.m in Sources */,
				E973A1D4203DB6C80048ABB3 /* LxFTPRequest.m in Sources */,
				E973A1CA203D98C60048ABB3 /* SPFTPViewController.m in Sources */,
				E25B3116203EA8AF0031FEB7 /* SPSpeedTest+CoreDataClass.m in Sources */,
				E2D5A4E8203AD07B00F75B02 /* SPTransferManagerDownloadTask.m in Sources */,
				E9802BF720442D9300F46D2B /* SPFTPViewModel.m in Sources */,
				E2D5A4DE203AB18600F75B02 /* SPSettingsViewController.m in Sources */,
				E952D3A6203EC3520000E725 /* SPFTPThroughputTest.m in Sources */,
				E25B3131203ECF860031FEB7 /* SPSpeedTestHistoryTableViewCell.m in Sources */,
				E2D5A4DA203AB16200F75B02 /* SPSpeedViewController.m in Sources */,
				E25B313620403C040031FEB7 /* SPSpeedLatencyTest.m in Sources */,
				E2D5A4CE203AAE5800F75B02 /* SPInjectorContainer.m in Sources */,
				E25B310C203EA81E0031FEB7 /* SpeedTestDataModel.xcdatamodeld in Sources */,
				E25B3108203EA67B0031FEB7 /* SPCoreDataManager+Operations.m in Sources */,
				E25B311F203EAD480031FEB7 /* SPCoreDataManager+Tests.m in Sources */,
				E25B312E203EBE450031FEB7 /* SPSpeedTestHistoryTableViewDataSourse.m in Sources */,
				E25B3117203EA8AF0031FEB7 /* SPSpeedTest+CoreDataProperties.m in Sources */,
				E2D5A4F1203B1A4C00F75B02 /* SPSpeedTestManager.m in Sources */,
				E973A1C4203D91000048ABB3 /* SPDataGenerator.m in Sources */,
				E25B30FB203E9E160031FEB7 /* SPTestInfoModel.m in Sources */,
				E2D5A49E203AAB7300F75B02 /* ViewController.m in Sources */,
				E2D5A4A9203AAB7300F75B02 /* main.m in Sources */,
				E9132B0D203EC86500B42520 /* SPFTPTransferManager.m in Sources */,
				E25B3109203EA67B0031FEB7 /* SPCoreDataManager.m in Sources */,
				E2D5A49B203AAB7300F75B02 /* AppDelegate.m in Sources */,
				E25B3125203EB7550031FEB7 /* SPSpeedTestHistoryDataController.m in Sources */,
			);
			runOnlyForDeploymentPostprocessing = 0;
		};
		E2D5A4AA203AAB7400F75B02 /* Sources */ = {
			isa = PBXSourcesBuildPhase;
			buildActionMask = 2147483647;
			files = (
				E9132B0E203EC86500B42520 /* SPFTPTransferManager.m in Sources */,
				E973A1D5203DB6C80048ABB3 /* LxFTPRequest.m in Sources */,
				E973A1C5203D91000048ABB3 /* SPDataGenerator.m in Sources */,
				E973A1CB203D98C60048ABB3 /* SPFTPViewController.m in Sources */,
				E2D5A4B3203AAB7400F75B02 /* SpeedTestTests.m in Sources */,
				E9802BF820442D9300F46D2B /* SPFTPViewModel.m in Sources */,
				E952D3A7203EC3520000E725 /* SPFTPThroughputTest.m in Sources */,
			);
			runOnlyForDeploymentPostprocessing = 0;
		};
		E2D5A4B5203AAB7400F75B02 /* Sources */ = {
			isa = PBXSourcesBuildPhase;
			buildActionMask = 2147483647;
			files = (
				E9132B0F203EC86500B42520 /* SPFTPTransferManager.m in Sources */,
				E973A1D6203DB6C80048ABB3 /* LxFTPRequest.m in Sources */,
				E973A1C6203D91000048ABB3 /* SPDataGenerator.m in Sources */,
				E973A1CC203D98C60048ABB3 /* SPFTPViewController.m in Sources */,
				E2D5A4BE203AAB7400F75B02 /* SpeedTestUITests.m in Sources */,
				E9802BF920442D9300F46D2B /* SPFTPViewModel.m in Sources */,
				E952D3A8203EC3520000E725 /* SPFTPThroughputTest.m in Sources */,
			);
			runOnlyForDeploymentPostprocessing = 0;
		};
/* End PBXSourcesBuildPhase section */

/* Begin PBXTargetDependency section */
		E2D5A4B0203AAB7400F75B02 /* PBXTargetDependency */ = {
			isa = PBXTargetDependency;
			target = E2D5A495203AAB7300F75B02 /* SpeedTest */;
			targetProxy = E2D5A4AF203AAB7400F75B02 /* PBXContainerItemProxy */;
		};
		E2D5A4BB203AAB7400F75B02 /* PBXTargetDependency */ = {
			isa = PBXTargetDependency;
			target = E2D5A495203AAB7300F75B02 /* SpeedTest */;
			targetProxy = E2D5A4BA203AAB7400F75B02 /* PBXContainerItemProxy */;
		};
/* End PBXTargetDependency section */

/* Begin PBXVariantGroup section */
		E2D5A49F203AAB7300F75B02 /* Main.storyboard */ = {
			isa = PBXVariantGroup;
			children = (
				E2D5A4A0203AAB7300F75B02 /* Base */,
			);
			name = Main.storyboard;
			sourceTree = "<group>";
		};
		E2D5A4A4203AAB7300F75B02 /* LaunchScreen.storyboard */ = {
			isa = PBXVariantGroup;
			children = (
				E2D5A4A5203AAB7300F75B02 /* Base */,
			);
			name = LaunchScreen.storyboard;
			sourceTree = "<group>";
		};
/* End PBXVariantGroup section */

/* Begin XCBuildConfiguration section */
		E2D5A4C0203AAB7400F75B02 /* Debug */ = {
			isa = XCBuildConfiguration;
			buildSettings = {
				ALWAYS_SEARCH_USER_PATHS = NO;
				CLANG_ANALYZER_NONNULL = YES;
				CLANG_ANALYZER_NUMBER_OBJECT_CONVERSION = YES_AGGRESSIVE;
				CLANG_CXX_LANGUAGE_STANDARD = "gnu++14";
				CLANG_CXX_LIBRARY = "libc++";
				CLANG_ENABLE_MODULES = YES;
				CLANG_ENABLE_OBJC_ARC = YES;
				CLANG_WARN_BLOCK_CAPTURE_AUTORELEASING = YES;
				CLANG_WARN_BOOL_CONVERSION = YES;
				CLANG_WARN_COMMA = YES;
				CLANG_WARN_CONSTANT_CONVERSION = YES;
				CLANG_WARN_DIRECT_OBJC_ISA_USAGE = YES_ERROR;
				CLANG_WARN_DOCUMENTATION_COMMENTS = YES;
				CLANG_WARN_EMPTY_BODY = YES;
				CLANG_WARN_ENUM_CONVERSION = YES;
				CLANG_WARN_INFINITE_RECURSION = YES;
				CLANG_WARN_INT_CONVERSION = YES;
				CLANG_WARN_NON_LITERAL_NULL_CONVERSION = YES;
				CLANG_WARN_OBJC_LITERAL_CONVERSION = YES;
				CLANG_WARN_OBJC_ROOT_CLASS = YES_ERROR;
				CLANG_WARN_RANGE_LOOP_ANALYSIS = YES;
				CLANG_WARN_STRICT_PROTOTYPES = YES;
				CLANG_WARN_SUSPICIOUS_MOVE = YES;
				CLANG_WARN_UNGUARDED_AVAILABILITY = YES_AGGRESSIVE;
				CLANG_WARN_UNREACHABLE_CODE = YES;
				CLANG_WARN__DUPLICATE_METHOD_MATCH = YES;
				CODE_SIGN_IDENTITY = "iPhone Developer";
				COPY_PHASE_STRIP = NO;
				DEBUG_INFORMATION_FORMAT = dwarf;
				ENABLE_STRICT_OBJC_MSGSEND = YES;
				ENABLE_TESTABILITY = YES;
				GCC_C_LANGUAGE_STANDARD = gnu11;
				GCC_DYNAMIC_NO_PIC = NO;
				GCC_NO_COMMON_BLOCKS = YES;
				GCC_OPTIMIZATION_LEVEL = 0;
				GCC_PREFIX_HEADER = "$(SRCROOT)/SpeedTest/PrefixHeader.pch";
				GCC_PREPROCESSOR_DEFINITIONS = (
					"DEBUG=1",
					"$(inherited)",
				);
				GCC_PREPROCESSOR_DEFINITIONS_NOT_USED_IN_PRECOMPS = "";
				GCC_WARN_64_TO_32_BIT_CONVERSION = YES;
				GCC_WARN_ABOUT_RETURN_TYPE = YES_ERROR;
				GCC_WARN_UNDECLARED_SELECTOR = YES;
				GCC_WARN_UNINITIALIZED_AUTOS = YES_AGGRESSIVE;
				GCC_WARN_UNUSED_FUNCTION = YES;
				GCC_WARN_UNUSED_VARIABLE = YES;
				IPHONEOS_DEPLOYMENT_TARGET = 11.2;
				MTL_ENABLE_DEBUG_INFO = YES;
				ONLY_ACTIVE_ARCH = YES;
				SDKROOT = iphoneos;
			};
			name = Debug;
		};
		E2D5A4C1203AAB7400F75B02 /* Release */ = {
			isa = XCBuildConfiguration;
			buildSettings = {
				ALWAYS_SEARCH_USER_PATHS = NO;
				CLANG_ANALYZER_NONNULL = YES;
				CLANG_ANALYZER_NUMBER_OBJECT_CONVERSION = YES_AGGRESSIVE;
				CLANG_CXX_LANGUAGE_STANDARD = "gnu++14";
				CLANG_CXX_LIBRARY = "libc++";
				CLANG_ENABLE_MODULES = YES;
				CLANG_ENABLE_OBJC_ARC = YES;
				CLANG_WARN_BLOCK_CAPTURE_AUTORELEASING = YES;
				CLANG_WARN_BOOL_CONVERSION = YES;
				CLANG_WARN_COMMA = YES;
				CLANG_WARN_CONSTANT_CONVERSION = YES;
				CLANG_WARN_DIRECT_OBJC_ISA_USAGE = YES_ERROR;
				CLANG_WARN_DOCUMENTATION_COMMENTS = YES;
				CLANG_WARN_EMPTY_BODY = YES;
				CLANG_WARN_ENUM_CONVERSION = YES;
				CLANG_WARN_INFINITE_RECURSION = YES;
				CLANG_WARN_INT_CONVERSION = YES;
				CLANG_WARN_NON_LITERAL_NULL_CONVERSION = YES;
				CLANG_WARN_OBJC_LITERAL_CONVERSION = YES;
				CLANG_WARN_OBJC_ROOT_CLASS = YES_ERROR;
				CLANG_WARN_RANGE_LOOP_ANALYSIS = YES;
				CLANG_WARN_STRICT_PROTOTYPES = YES;
				CLANG_WARN_SUSPICIOUS_MOVE = YES;
				CLANG_WARN_UNGUARDED_AVAILABILITY = YES_AGGRESSIVE;
				CLANG_WARN_UNREACHABLE_CODE = YES;
				CLANG_WARN__DUPLICATE_METHOD_MATCH = YES;
				CODE_SIGN_IDENTITY = "iPhone Developer";
				COPY_PHASE_STRIP = NO;
				DEBUG_INFORMATION_FORMAT = "dwarf-with-dsym";
				ENABLE_NS_ASSERTIONS = NO;
				ENABLE_STRICT_OBJC_MSGSEND = YES;
				GCC_C_LANGUAGE_STANDARD = gnu11;
				GCC_NO_COMMON_BLOCKS = YES;
				GCC_PREFIX_HEADER = "$(SRCROOT)/SpeedTest/PrefixHeader.pch";
				GCC_PREPROCESSOR_DEFINITIONS_NOT_USED_IN_PRECOMPS = "";
				GCC_WARN_64_TO_32_BIT_CONVERSION = YES;
				GCC_WARN_ABOUT_RETURN_TYPE = YES_ERROR;
				GCC_WARN_UNDECLARED_SELECTOR = YES;
				GCC_WARN_UNINITIALIZED_AUTOS = YES_AGGRESSIVE;
				GCC_WARN_UNUSED_FUNCTION = YES;
				GCC_WARN_UNUSED_VARIABLE = YES;
				IPHONEOS_DEPLOYMENT_TARGET = 11.2;
				MTL_ENABLE_DEBUG_INFO = NO;
				SDKROOT = iphoneos;
				VALIDATE_PRODUCT = YES;
			};
			name = Release;
		};
		E2D5A4C3203AAB7400F75B02 /* Debug */ = {
			isa = XCBuildConfiguration;
			baseConfigurationReference = CF97755790D6816E6C0E0A52 /* Pods-SpeedTest.debug.xcconfig */;
			buildSettings = {
				ASSETCATALOG_COMPILER_APPICON_NAME = AppIcon;
				CLANG_ENABLE_MODULES = YES;
				CODE_SIGN_STYLE = Automatic;
				DEVELOPMENT_TEAM = RQLFJGW5AV;
				GCC_PREPROCESSOR_DEFINITIONS_NOT_USED_IN_PRECOMPS = "";
				INFOPLIST_FILE = SpeedTest/Info.plist;
				IPHONEOS_DEPLOYMENT_TARGET = 10.0;
				LD_RUNPATH_SEARCH_PATHS = "$(inherited) @executable_path/Frameworks";
				PRODUCT_BUNDLE_IDENTIFIER = com.darmatterab.PEN;
				PRODUCT_NAME = "$(TARGET_NAME)";
				SWIFT_OPTIMIZATION_LEVEL = "-Onone";
				SWIFT_VERSION = 3.0;
				TARGETED_DEVICE_FAMILY = "1,2";
			};
			name = Debug;
		};
		E2D5A4C4203AAB7400F75B02 /* Release */ = {
			isa = XCBuildConfiguration;
			baseConfigurationReference = 3C4B5D69E1E8F9EC9BE96A2A /* Pods-SpeedTest.release.xcconfig */;
			buildSettings = {
				ASSETCATALOG_COMPILER_APPICON_NAME = AppIcon;
				CLANG_ENABLE_MODULES = YES;
				CODE_SIGN_STYLE = Automatic;
				DEVELOPMENT_TEAM = RQLFJGW5AV;
				GCC_PREPROCESSOR_DEFINITIONS_NOT_USED_IN_PRECOMPS = "";
				INFOPLIST_FILE = SpeedTest/Info.plist;
				IPHONEOS_DEPLOYMENT_TARGET = 10.0;
				LD_RUNPATH_SEARCH_PATHS = "$(inherited) @executable_path/Frameworks";
				PRODUCT_BUNDLE_IDENTIFIER = com.darmatterab.PEN;
				PRODUCT_NAME = "$(TARGET_NAME)";
				SWIFT_VERSION = 3.0;
				TARGETED_DEVICE_FAMILY = "1,2";
			};
			name = Release;
		};
		E2D5A4C6203AAB7400F75B02 /* Debug */ = {
			isa = XCBuildConfiguration;
			baseConfigurationReference = 6DE92D97E54EF9603590108B /* Pods-SpeedTestTests.debug.xcconfig */;
			buildSettings = {
				BUNDLE_LOADER = "$(TEST_HOST)";
				CODE_SIGN_STYLE = Automatic;
				INFOPLIST_FILE = SpeedTestTests/Info.plist;
				LD_RUNPATH_SEARCH_PATHS = "$(inherited) @executable_path/Frameworks @loader_path/Frameworks";
				PRODUCT_BUNDLE_IDENTIFIER = DMTech.SpeedTestTests;
				PRODUCT_NAME = "$(TARGET_NAME)";
				TARGETED_DEVICE_FAMILY = "1,2";
				TEST_HOST = "$(BUILT_PRODUCTS_DIR)/SpeedTest.app/SpeedTest";
			};
			name = Debug;
		};
		E2D5A4C7203AAB7400F75B02 /* Release */ = {
			isa = XCBuildConfiguration;
			baseConfigurationReference = 5E846C9C3F24F66F335324B9 /* Pods-SpeedTestTests.release.xcconfig */;
			buildSettings = {
				BUNDLE_LOADER = "$(TEST_HOST)";
				CODE_SIGN_STYLE = Automatic;
				INFOPLIST_FILE = SpeedTestTests/Info.plist;
				LD_RUNPATH_SEARCH_PATHS = "$(inherited) @executable_path/Frameworks @loader_path/Frameworks";
				PRODUCT_BUNDLE_IDENTIFIER = DMTech.SpeedTestTests;
				PRODUCT_NAME = "$(TARGET_NAME)";
				TARGETED_DEVICE_FAMILY = "1,2";
				TEST_HOST = "$(BUILT_PRODUCTS_DIR)/SpeedTest.app/SpeedTest";
			};
			name = Release;
		};
		E2D5A4C9203AAB7400F75B02 /* Debug */ = {
			isa = XCBuildConfiguration;
			baseConfigurationReference = A7452604301F2B67A8752817 /* Pods-SpeedTestUITests.debug.xcconfig */;
			buildSettings = {
				CODE_SIGN_STYLE = Automatic;
				INFOPLIST_FILE = SpeedTestUITests/Info.plist;
				LD_RUNPATH_SEARCH_PATHS = "$(inherited) @executable_path/Frameworks @loader_path/Frameworks";
				PRODUCT_BUNDLE_IDENTIFIER = DMTech.SpeedTestUITests;
				PRODUCT_NAME = "$(TARGET_NAME)";
				TARGETED_DEVICE_FAMILY = "1,2";
				TEST_TARGET_NAME = SpeedTest;
			};
			name = Debug;
		};
		E2D5A4CA203AAB7400F75B02 /* Release */ = {
			isa = XCBuildConfiguration;
			baseConfigurationReference = D0F3DE0778B5005AAA22EFAB /* Pods-SpeedTestUITests.release.xcconfig */;
			buildSettings = {
				CODE_SIGN_STYLE = Automatic;
				INFOPLIST_FILE = SpeedTestUITests/Info.plist;
				LD_RUNPATH_SEARCH_PATHS = "$(inherited) @executable_path/Frameworks @loader_path/Frameworks";
				PRODUCT_BUNDLE_IDENTIFIER = DMTech.SpeedTestUITests;
				PRODUCT_NAME = "$(TARGET_NAME)";
				TARGETED_DEVICE_FAMILY = "1,2";
				TEST_TARGET_NAME = SpeedTest;
			};
			name = Release;
		};
/* End XCBuildConfiguration section */

/* Begin XCConfigurationList section */
		E2D5A491203AAB7300F75B02 /* Build configuration list for PBXProject "SpeedTest" */ = {
			isa = XCConfigurationList;
			buildConfigurations = (
				E2D5A4C0203AAB7400F75B02 /* Debug */,
				E2D5A4C1203AAB7400F75B02 /* Release */,
			);
			defaultConfigurationIsVisible = 0;
			defaultConfigurationName = Release;
		};
		E2D5A4C2203AAB7400F75B02 /* Build configuration list for PBXNativeTarget "SpeedTest" */ = {
			isa = XCConfigurationList;
			buildConfigurations = (
				E2D5A4C3203AAB7400F75B02 /* Debug */,
				E2D5A4C4203AAB7400F75B02 /* Release */,
			);
			defaultConfigurationIsVisible = 0;
			defaultConfigurationName = Release;
		};
		E2D5A4C5203AAB7400F75B02 /* Build configuration list for PBXNativeTarget "SpeedTestTests" */ = {
			isa = XCConfigurationList;
			buildConfigurations = (
				E2D5A4C6203AAB7400F75B02 /* Debug */,
				E2D5A4C7203AAB7400F75B02 /* Release */,
			);
			defaultConfigurationIsVisible = 0;
			defaultConfigurationName = Release;
		};
		E2D5A4C8203AAB7400F75B02 /* Build configuration list for PBXNativeTarget "SpeedTestUITests" */ = {
			isa = XCConfigurationList;
			buildConfigurations = (
				E2D5A4C9203AAB7400F75B02 /* Debug */,
				E2D5A4CA203AAB7400F75B02 /* Release */,
			);
			defaultConfigurationIsVisible = 0;
			defaultConfigurationName = Release;
		};
/* End XCConfigurationList section */

/* Begin XCVersionGroup section */
		E25B310A203EA81E0031FEB7 /* SpeedTestDataModel.xcdatamodeld */ = {
			isa = XCVersionGroup;
			children = (
				E25B310B203EA81E0031FEB7 /* SpeedTestDataModel.xcdatamodel */,
			);
			currentVersion = E25B310B203EA81E0031FEB7 /* SpeedTestDataModel.xcdatamodel */;
			path = SpeedTestDataModel.xcdatamodeld;
			sourceTree = "<group>";
			versionGroupType = wrapper.xcdatamodel;
		};
/* End XCVersionGroup section */
	};
	rootObject = E2D5A48E203AAB7300F75B02 /* Project object */;
}
